{
  "version": 4,
  "terraform_version": "1.14.8",
  "serial": 15,
  "lineage": "eaf477d2-fce5-0f3e-5058-83bc7f1d9138",
  "outputs": {},
  "resources": [
    {
      "mode": "managed",
      "type": "azurerm_resource_group",
      "name": "main-rg",
      "provider": "provider[\"registry.terraform.io/hashicorp/azurerm\"]",
      "instances": [
        {
          "schema_version": 0,
          "attributes": {
            "id": "/subscriptions/aa2f256b-25bd-428c-a4d2-49f505c4e2c0/resourceGroups/rg-key-vault-dev",
            "location": "westeurope",
            "managed_by": "",
            "name": "rg-key-vault-dev",
            "tags": {},
            "timeouts": null
          },
          "sensitive_attributes": [],
          "identity_schema_version": 0,
          "identity": {
            "name": "rg-key-vault-dev",
            "subscription_id": "aa2f256b-25bd-428c-a4d2-49f505c4e2c0"
          },
          "private": "eyJlMmJmYjczMC1lY2FhLTExZTYtOGY4OC0zNDM2M2JjN2M0YzAiOnsiY3JlYXRlIjo1NDAwMDAwMDAwMDAwLCJkZWxldGUiOjU0MDAwMDAwMDAwMDAsInJlYWQiOjMwMDAwMDAwMDAwMCwidXBkYXRlIjo1NDAwMDAwMDAwMDAwfX0="
        }
      ]
    }
  ],
  "check_results": null
}
